{
  "name": "backend",
  "lockfileVersion": 3,
  "requires": true,
  "packages": {
    "": {
      "dependencies": {
        "supernova-gtr-backend": "file:.."
      }
    },
    "..": {
      "name": "supernova-gtr-backend",
      "version": "1.0.0",
      "dependencies": {
        "cors": "^2.8.5",
        "express": "^4.19.2"
      },
      "devDependencies": {
        "nodemon": "^3.0.1"
      }
    },
    "node_modules/supernova-gtr-backend": {
      "resolved": "..",
      "link": true
    }
  }
}
